{
    "name": "accessible_find_in_page",
    "version": "1.0.0",
    "lockfileVersion": 3,
    "requires": true,
    "packages": {
        "": {
            "name": "accessible_find_in_page",
            "version": "1.0.0",
            "license": "ISC",
            "dependencies": {
                "@types/chrome": "^0.0.180"
            },
            "devDependencies": {
                "mark.js": "^8.11.1"
            }
        },
        "node_modules/@types/chrome": {
            "version": "0.0.180",
            "resolved": "https://registry.npmjs.org/@types/chrome/-/chrome-0.0.180.tgz",
            "integrity": "sha512-A/CuuKAaHq2CHEpYBAtl0lp2ib7TTXK7VjJI4q+c+1U/HDvZLJ8IlsdEDzzHdvkNdh36bGONxrMnO9YZrKqbAw==",
            "dependencies": {
                "@types/filesystem": "*",
                "@types/har-format": "*"
            }
        },
        "node_modules/@types/filesystem": {
            "version": "0.0.32",
            "resolved": "https://registry.npmjs.org/@types/filesystem/-/filesystem-0.0.32.tgz",
            "integrity": "sha512-Yuf4jR5YYMR2DVgwuCiP11s0xuVRyPKmz8vo6HBY3CGdeMj8af93CFZX+T82+VD1+UqHOxTq31lO7MI7lepBtQ==",
            "dependencies": {
                "@types/filewriter": "*"
            }
        },
        "node_modules/@types/filewriter": {
            "version": "0.0.29",
            "resolved": "https://registry.npmjs.org/@types/filewriter/-/filewriter-0.0.29.tgz",
            "integrity": "sha512-BsPXH/irW0ht0Ji6iw/jJaK8Lj3FJemon2gvEqHKpCdDCeemHa+rI3WBGq5z7cDMZgoLjY40oninGxqk+8NzNQ=="
        },
        "node_modules/@types/har-format": {
            "version": "1.2.12",
            "resolved": "https://registry.npmjs.org/@types/har-format/-/har-format-1.2.12.tgz",
            "integrity": "sha512-P20p/YBrqUBmzD6KhIQ8EiY4/RRzlekL4eCvfQnulFPfjmiGxKIoyCeI7qam5I7oKH3P8EU4ptEi0EfyGoLysw=="
        },
        "node_modules/mark.js": {
            "version": "8.11.1",
            "resolved": "https://registry.npmjs.org/mark.js/-/mark.js-8.11.1.tgz",
            "integrity": "sha512-1I+1qpDt4idfgLQG+BNWmrqku+7/2bi5nLf4YwF8y8zXvmfiTBY3PV3ZibfrjBueCByROpuBjLLFCajqkgYoLQ==",
            "dev": true
        }
    }
}
